
Microsoft Visual Studio Solution File, Format Version 12.00
# Visual Studio 2013
VisualStudioVersion = 12.0.21005.1
MinimumVisualStudioVersion = 10.0.40219.1
Project("{FAE04EC0-301F-11D3-BF4B-00C04F79EFBC}") = "P01MyFirstMvc", "MyFirstMvc\P01MyFirstMvc.csproj", "{253FECBF-6ED1-4E85-BFAE-7EDFAA888703}"
EndProject
Project("{FAE04EC0-301F-11D3-BF4B-00C04F79EFBC}") = "P02MVCAjax", "P02MVCAjax\P02MVCAjax.csproj", "{B5EF34CE-A678-4AE6-810C-380CD8A953C9}"
EndProject
Project("{FAE04EC0-301F-11D3-BF4B-00C04F79EFBC}") = "P03MVCRoute", "P03MVCRoute\P03MVCRoute.csproj", "{15FBDDAC-6EB4-4604-B6E7-D71B85FD9637}"
EndProject
Project("{FAE04EC0-301F-11D3-BF4B-00C04F79EFBC}") = "P04MVCFilter", "P04MVCFilter\P04MVCFilter.csproj", "{D915E53F-8592-44A6-8C6E-883EE7387AEB}"
EndProject
Project("{2150E333-8FDC-42A3-9474-1A3956D46DE8}") = "03MVCRoute", "03MVCRoute", "{12D49619-5F52-4660-94DA-81FA7A30267E}"
EndProject
Project("{2150E333-8FDC-42A3-9474-1A3956D46DE8}") = "04MVCFilter", "04MVCFilter", "{45124B9A-F4A9-4FD2-B17F-BBB0E3417AC5}"
EndProject
Project("{2150E333-8FDC-42A3-9474-1A3956D46DE8}") = "02MVCAjax", "02MVCAjax", "{95970814-5653-44B2-8DE7-629288604675}"
EndProject
Project("{2150E333-8FDC-42A3-9474-1A3956D46DE8}") = "01MyFirstMvc", "01MyFirstMvc", "{809F6D93-D5EE-4543-ADEF-747774464F32}"
EndProject
Project("{FAE04EC0-301F-11D3-BF4B-00C04F79EFBC}") = "P05Controller", "P05Controller\P05Controller.csproj", "{409D5163-2735-4809-A239-3E8A6EF113A2}"
EndProject
Project("{FAE04EC0-301F-11D3-BF4B-00C04F79EFBC}") = "P06UserAreaController", "P06UserAreaController\P06UserAreaController.csproj", "{90BDF83C-61D9-4EE2-96E4-8E94F99D553B}"
EndProject
Project("{FAE04EC0-301F-11D3-BF4B-00C04F79EFBC}") = "P07AdminAreaController", "P07AdminAreaController\P07AdminAreaController.csproj", "{77098B9A-4104-4371-BFD5-CF5EADB5C01D}"
EndProject
Project("{FAE04EC0-301F-11D3-BF4B-00C04F79EFBC}") = "LinuxJexus", "LinuxJexus\LinuxJexus.csproj", "{4174CC7F-693D-4710-993B-72532AF6E792}"
EndProject
Global
	GlobalSection(SolutionConfigurationPlatforms) = preSolution
		Debug|Any CPU = Debug|Any CPU
		Release|Any CPU = Release|Any CPU
	EndGlobalSection
	GlobalSection(ProjectConfigurationPlatforms) = postSolution
		{253FECBF-6ED1-4E85-BFAE-7EDFAA888703}.Debug|Any CPU.ActiveCfg = Debug|Any CPU
		{253FECBF-6ED1-4E85-BFAE-7EDFAA888703}.Debug|Any CPU.Build.0 = Debug|Any CPU
		{253FECBF-6ED1-4E85-BFAE-7EDFAA888703}.Release|Any CPU.ActiveCfg = Release|Any CPU
		{253FECBF-6ED1-4E85-BFAE-7EDFAA888703}.Release|Any CPU.Build.0 = Release|Any CPU
		{B5EF34CE-A678-4AE6-810C-380CD8A953C9}.Debug|Any CPU.ActiveCfg = Debug|Any CPU
		{B5EF34CE-A678-4AE6-810C-380CD8A953C9}.Debug|Any CPU.Build.0 = Debug|Any CPU
		{B5EF34CE-A678-4AE6-810C-380CD8A953C9}.Release|Any CPU.ActiveCfg = Release|Any CPU
		{B5EF34CE-A678-4AE6-810C-380CD8A953C9}.Release|Any CPU.Build.0 = Release|Any CPU
		{15FBDDAC-6EB4-4604-B6E7-D71B85FD9637}.Debug|Any CPU.ActiveCfg = Debug|Any CPU
		{15FBDDAC-6EB4-4604-B6E7-D71B85FD9637}.Debug|Any CPU.Build.0 = Debug|Any CPU
		{15FBDDAC-6EB4-4604-B6E7-D71B85FD9637}.Release|Any CPU.ActiveCfg = Release|Any CPU
		{15FBDDAC-6EB4-4604-B6E7-D71B85FD9637}.Release|Any CPU.Build.0 = Release|Any CPU
		{D915E53F-8592-44A6-8C6E-883EE7387AEB}.Debug|Any CPU.ActiveCfg = Debug|Any CPU
		{D915E53F-8592-44A6-8C6E-883EE7387AEB}.Debug|Any CPU.Build.0 = Debug|Any CPU
		{D915E53F-8592-44A6-8C6E-883EE7387AEB}.Release|Any CPU.ActiveCfg = Release|Any CPU
		{D915E53F-8592-44A6-8C6E-883EE7387AEB}.Release|Any CPU.Build.0 = Release|Any CPU
		{409D5163-2735-4809-A239-3E8A6EF113A2}.Debug|Any CPU.ActiveCfg = Debug|Any CPU
		{409D5163-2735-4809-A239-3E8A6EF113A2}.Debug|Any CPU.Build.0 = Debug|Any CPU
		{409D5163-2735-4809-A239-3E8A6EF113A2}.Release|Any CPU.ActiveCfg = Release|Any CPU
		{409D5163-2735-4809-A239-3E8A6EF113A2}.Release|Any CPU.Build.0 = Release|Any CPU
		{90BDF83C-61D9-4EE2-96E4-8E94F99D553B}.Debug|Any CPU.ActiveCfg = Debug|Any CPU
		{90BDF83C-61D9-4EE2-96E4-8E94F99D553B}.Debug|Any CPU.Build.0 = Debug|Any CPU
		{90BDF83C-61D9-4EE2-96E4-8E94F99D553B}.Release|Any CPU.ActiveCfg = Release|Any CPU
		{90BDF83C-61D9-4EE2-96E4-8E94F99D553B}.Release|Any CPU.Build.0 = Release|Any CPU
		{77098B9A-4104-4371-BFD5-CF5EADB5C01D}.Debug|Any CPU.ActiveCfg = Debug|Any CPU
		{77098B9A-4104-4371-BFD5-CF5EADB5C01D}.Debug|Any CPU.Build.0 = Debug|Any CPU
		{77098B9A-4104-4371-BFD5-CF5EADB5C01D}.Release|Any CPU.ActiveCfg = Release|Any CPU
		{77098B9A-4104-4371-BFD5-CF5EADB5C01D}.Release|Any CPU.Build.0 = Release|Any CPU
		{4174CC7F-693D-4710-993B-72532AF6E792}.Debug|Any CPU.ActiveCfg = Debug|Any CPU
		{4174CC7F-693D-4710-993B-72532AF6E792}.Debug|Any CPU.Build.0 = Debug|Any CPU
		{4174CC7F-693D-4710-993B-72532AF6E792}.Release|Any CPU.ActiveCfg = Release|Any CPU
		{4174CC7F-693D-4710-993B-72532AF6E792}.Release|Any CPU.Build.0 = Release|Any CPU
	EndGlobalSection
	GlobalSection(SolutionProperties) = preSolution
		HideSolutionNode = FALSE
	EndGlobalSection
	GlobalSection(NestedProjects) = preSolution
		{253FECBF-6ED1-4E85-BFAE-7EDFAA888703} = {809F6D93-D5EE-4543-ADEF-747774464F32}
		{B5EF34CE-A678-4AE6-810C-380CD8A953C9} = {95970814-5653-44B2-8DE7-629288604675}
		{15FBDDAC-6EB4-4604-B6E7-D71B85FD9637} = {12D49619-5F52-4660-94DA-81FA7A30267E}
		{409D5163-2735-4809-A239-3E8A6EF113A2} = {12D49619-5F52-4660-94DA-81FA7A30267E}
		{90BDF83C-61D9-4EE2-96E4-8E94F99D553B} = {12D49619-5F52-4660-94DA-81FA7A30267E}
		{77098B9A-4104-4371-BFD5-CF5EADB5C01D} = {12D49619-5F52-4660-94DA-81FA7A30267E}
		{D915E53F-8592-44A6-8C6E-883EE7387AEB} = {45124B9A-F4A9-4FD2-B17F-BBB0E3417AC5}
	EndGlobalSection
EndGlobal
